{
    "name": "微信小程序富文本编辑器（仿腾讯文档）",
    "version": "1.0.4",
    "lockfileVersion": 2,
    "requires": true,
    "packages": {
        "": {
            "name": "微信小程序富文本编辑器（仿腾讯文档）",
            "version": "1.0.4",
            "dependencies": {
                "@hyoga/uni-socket.io": "^3.0.4"
            }
        },
        "node_modules/@hyoga/uni-socket.io": {
            "version": "3.0.4",
            "resolved": "https://registry.npmmirror.com/@hyoga/uni-socket.io/-/uni-socket.io-3.0.4.tgz",
            "integrity": "sha512-m04M/ALXpTWcKoJGPDMzJosmzuopyAXF51DFN/qxLyXnbCFeQwsWOXT/XNLl4aWoBVGwQ7IptECFFRCA6z5C8A=="
        }
    },
    "dependencies": {
        "@hyoga/uni-socket.io": {
            "version": "3.0.4",
            "resolved": "https://registry.npmmirror.com/@hyoga/uni-socket.io/-/uni-socket.io-3.0.4.tgz",
            "integrity": "sha512-m04M/ALXpTWcKoJGPDMzJosmzuopyAXF51DFN/qxLyXnbCFeQwsWOXT/XNLl4aWoBVGwQ7IptECFFRCA6z5C8A=="
        }
    }
}
